
Microsoft Visual Studio Solution File, Format Version 12.00
# Visual Studio Version 16
VisualStudioVersion = 16.0.33927.289
MinimumVisualStudioVersion = 10.0.40219.1
Project("{2150E333-8FDC-42A3-9474-1A3956D46DE8}") = "ClassExercise", "ClassExercise", "{AF09BCC6-64EB-4379-A537-8B0699621244}"
EndProject
Project("{FAE04EC0-301F-11D3-BF4B-00C04F79EFBC}") = "Class_Ex1_ComboBox", "Class_Ex1_ComboBox\Class_Ex1_ComboBox.csproj", "{9901961A-12AD-4608-B032-F3E5A77087BC}"
EndProject
Project("{2150E333-8FDC-42A3-9474-1A3956D46DE8}") = "SampleExercise", "SampleExercise", "{BB775D88-4A91-4286-9255-2C595C07129D}"
EndProject
Project("{FAE04EC0-301F-11D3-BF4B-00C04F79EFBC}") = "Sample_Ex2", "Sample_Ex2\Sample_Ex2.csproj", "{55D9649B-48B6-46AA-A3E5-B80A0DA6834C}"
EndProject
Project("{FAE04EC0-301F-11D3-BF4B-00C04F79EFBC}") = "Sample_QLPB", "Sample_QLPB\Sample_QLPB.csproj", "{5603D91E-979D-47FC-85ED-79A0616703A3}"
EndProject
Project("{FAE04EC0-301F-11D3-BF4B-00C04F79EFBC}") = "Class_Ex2_QLSV", "Class_Ex2_QLSV\Class_Ex2_QLSV.csproj", "{DEDFCD2A-7F49-4AD8-BB23-73BE0CBA10FE}"
EndProject
Project("{FAE04EC0-301F-11D3-BF4B-00C04F79EFBC}") = "Sample_Ex1", "Sample_Ex1\Sample_Ex1.csproj", "{6F25CB5D-3515-4894-9C7A-1760B23E5A29}"
EndProject
Project("{2150E333-8FDC-42A3-9474-1A3956D46DE8}") = "AdvancedExercise", "AdvancedExercise", "{C4A45AFC-DA6A-4BAC-99F1-90241EC0F4CF}"
EndProject
Project("{FAE04EC0-301F-11D3-BF4B-00C04F79EFBC}") = "Advanced_Ex1", "Advanced_Ex1\Advanced_Ex1.csproj", "{DF5527AF-32D8-472F-895D-62A05CFF9CB4}"
EndProject
Project("{2150E333-8FDC-42A3-9474-1A3956D46DE8}") = "HomeExercise", "HomeExercise", "{E43B12D0-1984-4FDC-B2E0-51C4AA29D03A}"
EndProject
Project("{FAE04EC0-301F-11D3-BF4B-00C04F79EFBC}") = "Home_Ex1", "Home_Ex1\Home_Ex1.csproj", "{8F17237D-2A6A-4DBB-B8C8-60CC293CBC5C}"
EndProject
Project("{FAE04EC0-301F-11D3-BF4B-00C04F79EFBC}") = "Home_Ex2", "Home_Ex2\Home_Ex2.csproj", "{5128E9E0-602F-4E3F-B431-331EA76AC1AF}"
EndProject
Project("{FAE04EC0-301F-11D3-BF4B-00C04F79EFBC}") = "Home_Ex3", "Home_Ex3\Home_Ex3.csproj", "{1C344D0C-ACA2-4932-8026-7ADDD0D85734}"
EndProject
Global
	GlobalSection(SolutionConfigurationPlatforms) = preSolution
		Debug|Any CPU = Debug|Any CPU
		Release|Any CPU = Release|Any CPU
	EndGlobalSection
	GlobalSection(ProjectConfigurationPlatforms) = postSolution
		{9901961A-12AD-4608-B032-F3E5A77087BC}.Debug|Any CPU.ActiveCfg = Debug|Any CPU
		{9901961A-12AD-4608-B032-F3E5A77087BC}.Debug|Any CPU.Build.0 = Debug|Any CPU
		{9901961A-12AD-4608-B032-F3E5A77087BC}.Release|Any CPU.ActiveCfg = Release|Any CPU
		{9901961A-12AD-4608-B032-F3E5A77087BC}.Release|Any CPU.Build.0 = Release|Any CPU
		{55D9649B-48B6-46AA-A3E5-B80A0DA6834C}.Debug|Any CPU.ActiveCfg = Debug|Any CPU
		{55D9649B-48B6-46AA-A3E5-B80A0DA6834C}.Debug|Any CPU.Build.0 = Debug|Any CPU
		{55D9649B-48B6-46AA-A3E5-B80A0DA6834C}.Release|Any CPU.ActiveCfg = Release|Any CPU
		{55D9649B-48B6-46AA-A3E5-B80A0DA6834C}.Release|Any CPU.Build.0 = Release|Any CPU
		{5603D91E-979D-47FC-85ED-79A0616703A3}.Debug|Any CPU.ActiveCfg = Debug|Any CPU
		{5603D91E-979D-47FC-85ED-79A0616703A3}.Debug|Any CPU.Build.0 = Debug|Any CPU
		{5603D91E-979D-47FC-85ED-79A0616703A3}.Release|Any CPU.ActiveCfg = Release|Any CPU
		{5603D91E-979D-47FC-85ED-79A0616703A3}.Release|Any CPU.Build.0 = Release|Any CPU
		{DEDFCD2A-7F49-4AD8-BB23-73BE0CBA10FE}.Debug|Any CPU.ActiveCfg = Debug|Any CPU
		{DEDFCD2A-7F49-4AD8-BB23-73BE0CBA10FE}.Debug|Any CPU.Build.0 = Debug|Any CPU
		{DEDFCD2A-7F49-4AD8-BB23-73BE0CBA10FE}.Release|Any CPU.ActiveCfg = Release|Any CPU
		{DEDFCD2A-7F49-4AD8-BB23-73BE0CBA10FE}.Release|Any CPU.Build.0 = Release|Any CPU
		{6F25CB5D-3515-4894-9C7A-1760B23E5A29}.Debug|Any CPU.ActiveCfg = Debug|Any CPU
		{6F25CB5D-3515-4894-9C7A-1760B23E5A29}.Debug|Any CPU.Build.0 = Debug|Any CPU
		{6F25CB5D-3515-4894-9C7A-1760B23E5A29}.Release|Any CPU.ActiveCfg = Release|Any CPU
		{6F25CB5D-3515-4894-9C7A-1760B23E5A29}.Release|Any CPU.Build.0 = Release|Any CPU
		{DF5527AF-32D8-472F-895D-62A05CFF9CB4}.Debug|Any CPU.ActiveCfg = Debug|Any CPU
		{DF5527AF-32D8-472F-895D-62A05CFF9CB4}.Debug|Any CPU.Build.0 = Debug|Any CPU
		{DF5527AF-32D8-472F-895D-62A05CFF9CB4}.Release|Any CPU.ActiveCfg = Release|Any CPU
		{DF5527AF-32D8-472F-895D-62A05CFF9CB4}.Release|Any CPU.Build.0 = Release|Any CPU
		{8F17237D-2A6A-4DBB-B8C8-60CC293CBC5C}.Debug|Any CPU.ActiveCfg = Debug|Any CPU
		{8F17237D-2A6A-4DBB-B8C8-60CC293CBC5C}.Debug|Any CPU.Build.0 = Debug|Any CPU
		{8F17237D-2A6A-4DBB-B8C8-60CC293CBC5C}.Release|Any CPU.ActiveCfg = Release|Any CPU
		{8F17237D-2A6A-4DBB-B8C8-60CC293CBC5C}.Release|Any CPU.Build.0 = Release|Any CPU
		{5128E9E0-602F-4E3F-B431-331EA76AC1AF}.Debug|Any CPU.ActiveCfg = Debug|Any CPU
		{5128E9E0-602F-4E3F-B431-331EA76AC1AF}.Debug|Any CPU.Build.0 = Debug|Any CPU
		{5128E9E0-602F-4E3F-B431-331EA76AC1AF}.Release|Any CPU.ActiveCfg = Release|Any CPU
		{5128E9E0-602F-4E3F-B431-331EA76AC1AF}.Release|Any CPU.Build.0 = Release|Any CPU
		{1C344D0C-ACA2-4932-8026-7ADDD0D85734}.Debug|Any CPU.ActiveCfg = Debug|Any CPU
		{1C344D0C-ACA2-4932-8026-7ADDD0D85734}.Debug|Any CPU.Build.0 = Debug|Any CPU
		{1C344D0C-ACA2-4932-8026-7ADDD0D85734}.Release|Any CPU.ActiveCfg = Release|Any CPU
		{1C344D0C-ACA2-4932-8026-7ADDD0D85734}.Release|Any CPU.Build.0 = Release|Any CPU
	EndGlobalSection
	GlobalSection(SolutionProperties) = preSolution
		HideSolutionNode = FALSE
	EndGlobalSection
	GlobalSection(NestedProjects) = preSolution
		{9901961A-12AD-4608-B032-F3E5A77087BC} = {AF09BCC6-64EB-4379-A537-8B0699621244}
		{55D9649B-48B6-46AA-A3E5-B80A0DA6834C} = {BB775D88-4A91-4286-9255-2C595C07129D}
		{5603D91E-979D-47FC-85ED-79A0616703A3} = {BB775D88-4A91-4286-9255-2C595C07129D}
		{DEDFCD2A-7F49-4AD8-BB23-73BE0CBA10FE} = {AF09BCC6-64EB-4379-A537-8B0699621244}
		{6F25CB5D-3515-4894-9C7A-1760B23E5A29} = {BB775D88-4A91-4286-9255-2C595C07129D}
		{DF5527AF-32D8-472F-895D-62A05CFF9CB4} = {C4A45AFC-DA6A-4BAC-99F1-90241EC0F4CF}
		{8F17237D-2A6A-4DBB-B8C8-60CC293CBC5C} = {E43B12D0-1984-4FDC-B2E0-51C4AA29D03A}
		{5128E9E0-602F-4E3F-B431-331EA76AC1AF} = {E43B12D0-1984-4FDC-B2E0-51C4AA29D03A}
		{1C344D0C-ACA2-4932-8026-7ADDD0D85734} = {E43B12D0-1984-4FDC-B2E0-51C4AA29D03A}
	EndGlobalSection
	GlobalSection(ExtensibilityGlobals) = postSolution
		SolutionGuid = {7AB6A435-6009-4DAE-87E9-19D7107FFD09}
	EndGlobalSection
EndGlobal
