
Microsoft Visual Studio Solution File, Format Version 12.00
# Visual Studio Version 16
VisualStudioVersion = 16.0.33927.289
MinimumVisualStudioVersion = 10.0.40219.1
Project("{FAE04EC0-301F-11D3-BF4B-00C04F79EFBC}") = "KT_PhamHoDangHuy_2001215828", "KT_PhamHoDangHuy_2001215828\KT_PhamHoDangHuy_2001215828.csproj", "{DAF46DA9-0AE4-4CEE-9CF0-DA3DC520AFBD}"
EndProject
Global
	GlobalSection(SolutionConfigurationPlatforms) = preSolution
		Debug|Any CPU = Debug|Any CPU
		Release|Any CPU = Release|Any CPU
	EndGlobalSection
	GlobalSection(ProjectConfigurationPlatforms) = postSolution
		{DAF46DA9-0AE4-4CEE-9CF0-DA3DC520AFBD}.Debug|Any CPU.ActiveCfg = Debug|Any CPU
		{DAF46DA9-0AE4-4CEE-9CF0-DA3DC520AFBD}.Debug|Any CPU.Build.0 = Debug|Any CPU
		{DAF46DA9-0AE4-4CEE-9CF0-DA3DC520AFBD}.Release|Any CPU.ActiveCfg = Release|Any CPU
		{DAF46DA9-0AE4-4CEE-9CF0-DA3DC520AFBD}.Release|Any CPU.Build.0 = Release|Any CPU
	EndGlobalSection
	GlobalSection(SolutionProperties) = preSolution
		HideSolutionNode = FALSE
	EndGlobalSection
	GlobalSection(ExtensibilityGlobals) = postSolution
		SolutionGuid = {EC1F134D-E464-4F2E-A437-4CB9B7DDC682}
	EndGlobalSection
EndGlobal
