
Microsoft Visual Studio Solution File, Format Version 12.00
# Visual Studio Version 16
VisualStudioVersion = 16.0.33927.289
MinimumVisualStudioVersion = 10.0.40219.1
Project("{2150E333-8FDC-42A3-9474-1A3956D46DE8}") = "ClassExercise", "ClassExercise", "{B802C936-BA45-44E3-BE25-96EB72B203C1}"
EndProject
Project("{FAE04EC0-301F-11D3-BF4B-00C04F79EFBC}") = "Class_Ex1_CalculateForm", "Class_Ex1_CalculateForm\Class_Ex1_CalculateForm.csproj", "{A200EC21-1DA3-43E0-99C3-40F56BB0B378}"
EndProject
Project("{FAE04EC0-301F-11D3-BF4B-00C04F79EFBC}") = "Class_Ex2_Register", "Class_Ex2_Register\Class_Ex2_Register.csproj", "{EB15D3DD-43EE-4DC9-8E6E-2F2C5BA855E1}"
EndProject
Project("{FAE04EC0-301F-11D3-BF4B-00C04F79EFBC}") = "Class_Ex3_UCLN", "Class_Ex3_UCLN\Class_Ex3_UCLN.csproj", "{A747C42D-C9A8-4A89-B26C-9D05D2E21E82}"
EndProject
Project("{FAE04EC0-301F-11D3-BF4B-00C04F79EFBC}") = "Class_Ex4_SumArr", "Class_Ex4_SumArr\Class_Ex4_SumArr.csproj", "{A5F009C0-CA65-4502-9F1D-C0322ABB0604}"
EndProject
Project("{FAE04EC0-301F-11D3-BF4B-00C04F79EFBC}") = "Class_Ex5_ReadWord", "Class_Ex5_ReadWord\Class_Ex5_ReadWord.csproj", "{F818F4BA-DF83-4252-BB7A-0D0CEC857E31}"
EndProject
Project("{2150E333-8FDC-42A3-9474-1A3956D46DE8}") = "AdvancedExercise", "AdvancedExercise", "{50A7D3E7-F099-44C3-AB1D-CA3646F0E6D8}"
EndProject
Project("{FAE04EC0-301F-11D3-BF4B-00C04F79EFBC}") = "Advanced_Theater", "Advanced_Theater\Advanced_Theater.csproj", "{332CBD9E-03D8-46FF-8F17-0350476E0594}"
EndProject
Project("{2150E333-8FDC-42A3-9474-1A3956D46DE8}") = "HomeExercise", "HomeExercise", "{79F8C759-350C-417E-8630-1553F28DE193}"
EndProject
Project("{FAE04EC0-301F-11D3-BF4B-00C04F79EFBC}") = "Home_CalculateForm", "Home_CalculateForm\Home_CalculateForm.csproj", "{2F74806E-F1A3-4225-A4BC-12465679935A}"
EndProject
Global
	GlobalSection(SolutionConfigurationPlatforms) = preSolution
		Debug|Any CPU = Debug|Any CPU
		Release|Any CPU = Release|Any CPU
	EndGlobalSection
	GlobalSection(ProjectConfigurationPlatforms) = postSolution
		{A200EC21-1DA3-43E0-99C3-40F56BB0B378}.Debug|Any CPU.ActiveCfg = Debug|Any CPU
		{A200EC21-1DA3-43E0-99C3-40F56BB0B378}.Debug|Any CPU.Build.0 = Debug|Any CPU
		{A200EC21-1DA3-43E0-99C3-40F56BB0B378}.Release|Any CPU.ActiveCfg = Release|Any CPU
		{A200EC21-1DA3-43E0-99C3-40F56BB0B378}.Release|Any CPU.Build.0 = Release|Any CPU
		{EB15D3DD-43EE-4DC9-8E6E-2F2C5BA855E1}.Debug|Any CPU.ActiveCfg = Debug|Any CPU
		{EB15D3DD-43EE-4DC9-8E6E-2F2C5BA855E1}.Debug|Any CPU.Build.0 = Debug|Any CPU
		{EB15D3DD-43EE-4DC9-8E6E-2F2C5BA855E1}.Release|Any CPU.ActiveCfg = Release|Any CPU
		{EB15D3DD-43EE-4DC9-8E6E-2F2C5BA855E1}.Release|Any CPU.Build.0 = Release|Any CPU
		{A747C42D-C9A8-4A89-B26C-9D05D2E21E82}.Debug|Any CPU.ActiveCfg = Debug|Any CPU
		{A747C42D-C9A8-4A89-B26C-9D05D2E21E82}.Debug|Any CPU.Build.0 = Debug|Any CPU
		{A747C42D-C9A8-4A89-B26C-9D05D2E21E82}.Release|Any CPU.ActiveCfg = Release|Any CPU
		{A747C42D-C9A8-4A89-B26C-9D05D2E21E82}.Release|Any CPU.Build.0 = Release|Any CPU
		{A5F009C0-CA65-4502-9F1D-C0322ABB0604}.Debug|Any CPU.ActiveCfg = Debug|Any CPU
		{A5F009C0-CA65-4502-9F1D-C0322ABB0604}.Debug|Any CPU.Build.0 = Debug|Any CPU
		{A5F009C0-CA65-4502-9F1D-C0322ABB0604}.Release|Any CPU.ActiveCfg = Release|Any CPU
		{A5F009C0-CA65-4502-9F1D-C0322ABB0604}.Release|Any CPU.Build.0 = Release|Any CPU
		{F818F4BA-DF83-4252-BB7A-0D0CEC857E31}.Debug|Any CPU.ActiveCfg = Debug|Any CPU
		{F818F4BA-DF83-4252-BB7A-0D0CEC857E31}.Debug|Any CPU.Build.0 = Debug|Any CPU
		{F818F4BA-DF83-4252-BB7A-0D0CEC857E31}.Release|Any CPU.ActiveCfg = Release|Any CPU
		{F818F4BA-DF83-4252-BB7A-0D0CEC857E31}.Release|Any CPU.Build.0 = Release|Any CPU
		{332CBD9E-03D8-46FF-8F17-0350476E0594}.Debug|Any CPU.ActiveCfg = Debug|Any CPU
		{332CBD9E-03D8-46FF-8F17-0350476E0594}.Debug|Any CPU.Build.0 = Debug|Any CPU
		{332CBD9E-03D8-46FF-8F17-0350476E0594}.Release|Any CPU.ActiveCfg = Release|Any CPU
		{332CBD9E-03D8-46FF-8F17-0350476E0594}.Release|Any CPU.Build.0 = Release|Any CPU
		{2F74806E-F1A3-4225-A4BC-12465679935A}.Debug|Any CPU.ActiveCfg = Debug|Any CPU
		{2F74806E-F1A3-4225-A4BC-12465679935A}.Debug|Any CPU.Build.0 = Debug|Any CPU
		{2F74806E-F1A3-4225-A4BC-12465679935A}.Release|Any CPU.ActiveCfg = Release|Any CPU
		{2F74806E-F1A3-4225-A4BC-12465679935A}.Release|Any CPU.Build.0 = Release|Any CPU
	EndGlobalSection
	GlobalSection(SolutionProperties) = preSolution
		HideSolutionNode = FALSE
	EndGlobalSection
	GlobalSection(NestedProjects) = preSolution
		{A200EC21-1DA3-43E0-99C3-40F56BB0B378} = {B802C936-BA45-44E3-BE25-96EB72B203C1}
		{EB15D3DD-43EE-4DC9-8E6E-2F2C5BA855E1} = {B802C936-BA45-44E3-BE25-96EB72B203C1}
		{A747C42D-C9A8-4A89-B26C-9D05D2E21E82} = {B802C936-BA45-44E3-BE25-96EB72B203C1}
		{A5F009C0-CA65-4502-9F1D-C0322ABB0604} = {B802C936-BA45-44E3-BE25-96EB72B203C1}
		{F818F4BA-DF83-4252-BB7A-0D0CEC857E31} = {B802C936-BA45-44E3-BE25-96EB72B203C1}
		{332CBD9E-03D8-46FF-8F17-0350476E0594} = {50A7D3E7-F099-44C3-AB1D-CA3646F0E6D8}
		{2F74806E-F1A3-4225-A4BC-12465679935A} = {79F8C759-350C-417E-8630-1553F28DE193}
	EndGlobalSection
	GlobalSection(ExtensibilityGlobals) = postSolution
		SolutionGuid = {2AEC53AA-8B21-4D5F-AADF-07D73C2CDF81}
	EndGlobalSection
EndGlobal
