
Microsoft Visual Studio Solution File, Format Version 12.00
# Visual Studio Version 16
VisualStudioVersion = 16.0.33927.289
MinimumVisualStudioVersion = 10.0.40219.1
Project("{FAE04EC0-301F-11D3-BF4B-00C04F79EFBC}") = "Bai3_TH2", "Bai3_TH2\Bai3_TH2.csproj", "{B0927026-8FF7-43A9-B57F-D0444D182278}"
EndProject
Global
	GlobalSection(SolutionConfigurationPlatforms) = preSolution
		Debug|Any CPU = Debug|Any CPU
		Release|Any CPU = Release|Any CPU
	EndGlobalSection
	GlobalSection(ProjectConfigurationPlatforms) = postSolution
		{B0927026-8FF7-43A9-B57F-D0444D182278}.Debug|Any CPU.ActiveCfg = Debug|Any CPU
		{B0927026-8FF7-43A9-B57F-D0444D182278}.Debug|Any CPU.Build.0 = Debug|Any CPU
		{B0927026-8FF7-43A9-B57F-D0444D182278}.Release|Any CPU.ActiveCfg = Release|Any CPU
		{B0927026-8FF7-43A9-B57F-D0444D182278}.Release|Any CPU.Build.0 = Release|Any CPU
	EndGlobalSection
	GlobalSection(SolutionProperties) = preSolution
		HideSolutionNode = FALSE
	EndGlobalSection
	GlobalSection(ExtensibilityGlobals) = postSolution
		SolutionGuid = {721D86A1-A687-4BF3-BF56-1CFFA5E5618F}
	EndGlobalSection
EndGlobal
