
Microsoft Visual Studio Solution File, Format Version 12.00
# Visual Studio Version 16
VisualStudioVersion = 16.0.33801.447
MinimumVisualStudioVersion = 10.0.40219.1
Project("{FAE04EC0-301F-11D3-BF4B-00C04F79EFBC}") = "Exercise1", "Exercise1\Exercise1.csproj", "{37CE3456-F18E-4854-B7AC-7D251CF5933F}"
EndProject
Project("{FAE04EC0-301F-11D3-BF4B-00C04F79EFBC}") = "Ex2", "Ex2\Ex2.csproj", "{9A1B8E46-B643-4943-84FC-A99FBA155DAC}"
EndProject
Project("{FAE04EC0-301F-11D3-BF4B-00C04F79EFBC}") = "Ex3", "Ex3\Ex3.csproj", "{66B4765C-AAE4-497E-8FE3-1826898BFA09}"
EndProject
Global
	GlobalSection(SolutionConfigurationPlatforms) = preSolution
		Debug|Any CPU = Debug|Any CPU
		Release|Any CPU = Release|Any CPU
	EndGlobalSection
	GlobalSection(ProjectConfigurationPlatforms) = postSolution
		{37CE3456-F18E-4854-B7AC-7D251CF5933F}.Debug|Any CPU.ActiveCfg = Debug|Any CPU
		{37CE3456-F18E-4854-B7AC-7D251CF5933F}.Debug|Any CPU.Build.0 = Debug|Any CPU
		{37CE3456-F18E-4854-B7AC-7D251CF5933F}.Release|Any CPU.ActiveCfg = Release|Any CPU
		{37CE3456-F18E-4854-B7AC-7D251CF5933F}.Release|Any CPU.Build.0 = Release|Any CPU
		{9A1B8E46-B643-4943-84FC-A99FBA155DAC}.Debug|Any CPU.ActiveCfg = Debug|Any CPU
		{9A1B8E46-B643-4943-84FC-A99FBA155DAC}.Debug|Any CPU.Build.0 = Debug|Any CPU
		{9A1B8E46-B643-4943-84FC-A99FBA155DAC}.Release|Any CPU.ActiveCfg = Release|Any CPU
		{9A1B8E46-B643-4943-84FC-A99FBA155DAC}.Release|Any CPU.Build.0 = Release|Any CPU
		{66B4765C-AAE4-497E-8FE3-1826898BFA09}.Debug|Any CPU.ActiveCfg = Debug|Any CPU
		{66B4765C-AAE4-497E-8FE3-1826898BFA09}.Debug|Any CPU.Build.0 = Debug|Any CPU
		{66B4765C-AAE4-497E-8FE3-1826898BFA09}.Release|Any CPU.ActiveCfg = Release|Any CPU
		{66B4765C-AAE4-497E-8FE3-1826898BFA09}.Release|Any CPU.Build.0 = Release|Any CPU
	EndGlobalSection
	GlobalSection(SolutionProperties) = preSolution
		HideSolutionNode = FALSE
	EndGlobalSection
	GlobalSection(ExtensibilityGlobals) = postSolution
		SolutionGuid = {509396F2-8D6E-4D83-94CD-5B33BB9A3568}
	EndGlobalSection
EndGlobal
