
Microsoft Visual Studio Solution File, Format Version 12.00
# Visual Studio Version 16
VisualStudioVersion = 16.0.33529.622
MinimumVisualStudioVersion = 10.0.40219.1
Project("{FAE04EC0-301F-11D3-BF4B-00C04F79EFBC}") = "OnTap_PhamHoDangHuy_200121528", "OnTap_PhamHoDangHuy_200121528\OnTap_PhamHoDangHuy_200121528.csproj", "{56746113-AC94-4251-BB87-EE6350EF180F}"
EndProject
Project("{FAE04EC0-301F-11D3-BF4B-00C04F79EFBC}") = "OnTap1", "Bai1\OnTap1.csproj", "{D13239CF-0925-401C-B363-FB49635EDC46}"
EndProject
Project("{FAE04EC0-301F-11D3-BF4B-00C04F79EFBC}") = "OnTap2", "OnTap2\OnTap2.csproj", "{FD447616-2EC0-4E91-B76C-39DFBAC08E52}"
EndProject
Project("{FAE04EC0-301F-11D3-BF4B-00C04F79EFBC}") = "OnTap3", "OnTap3\OnTap3.csproj", "{1119AEF4-061A-458F-8208-EB10D9EF7066}"
EndProject
Global
	GlobalSection(SolutionConfigurationPlatforms) = preSolution
		Debug|Any CPU = Debug|Any CPU
		Release|Any CPU = Release|Any CPU
	EndGlobalSection
	GlobalSection(ProjectConfigurationPlatforms) = postSolution
		{56746113-AC94-4251-BB87-EE6350EF180F}.Debug|Any CPU.ActiveCfg = Debug|Any CPU
		{56746113-AC94-4251-BB87-EE6350EF180F}.Debug|Any CPU.Build.0 = Debug|Any CPU
		{56746113-AC94-4251-BB87-EE6350EF180F}.Release|Any CPU.ActiveCfg = Release|Any CPU
		{56746113-AC94-4251-BB87-EE6350EF180F}.Release|Any CPU.Build.0 = Release|Any CPU
		{D13239CF-0925-401C-B363-FB49635EDC46}.Debug|Any CPU.ActiveCfg = Debug|Any CPU
		{D13239CF-0925-401C-B363-FB49635EDC46}.Debug|Any CPU.Build.0 = Debug|Any CPU
		{D13239CF-0925-401C-B363-FB49635EDC46}.Release|Any CPU.ActiveCfg = Release|Any CPU
		{D13239CF-0925-401C-B363-FB49635EDC46}.Release|Any CPU.Build.0 = Release|Any CPU
		{FD447616-2EC0-4E91-B76C-39DFBAC08E52}.Debug|Any CPU.ActiveCfg = Debug|Any CPU
		{FD447616-2EC0-4E91-B76C-39DFBAC08E52}.Debug|Any CPU.Build.0 = Debug|Any CPU
		{FD447616-2EC0-4E91-B76C-39DFBAC08E52}.Release|Any CPU.ActiveCfg = Release|Any CPU
		{FD447616-2EC0-4E91-B76C-39DFBAC08E52}.Release|Any CPU.Build.0 = Release|Any CPU
		{1119AEF4-061A-458F-8208-EB10D9EF7066}.Debug|Any CPU.ActiveCfg = Debug|Any CPU
		{1119AEF4-061A-458F-8208-EB10D9EF7066}.Debug|Any CPU.Build.0 = Debug|Any CPU
		{1119AEF4-061A-458F-8208-EB10D9EF7066}.Release|Any CPU.ActiveCfg = Release|Any CPU
		{1119AEF4-061A-458F-8208-EB10D9EF7066}.Release|Any CPU.Build.0 = Release|Any CPU
	EndGlobalSection
	GlobalSection(SolutionProperties) = preSolution
		HideSolutionNode = FALSE
	EndGlobalSection
	GlobalSection(ExtensibilityGlobals) = postSolution
		SolutionGuid = {B5646FE2-FF9B-43A2-A7D4-E42F7A6ABBCF}
	EndGlobalSection
EndGlobal
