
Microsoft Visual Studio Solution File, Format Version 12.00
# Visual Studio Version 16
VisualStudioVersion = 16.0.33927.289
MinimumVisualStudioVersion = 10.0.40219.1
Project("{FAE04EC0-301F-11D3-BF4B-00C04F79EFBC}") = "SampleExercise", "SampleExercise\SampleExercise.csproj", "{7C9CD524-F892-4F95-BBAD-4A49217B5B55}"
EndProject
Project("{FAE04EC0-301F-11D3-BF4B-00C04F79EFBC}") = "ClassExercise", "ClassExercise\ClassExercise.csproj", "{9520BBE4-3596-476A-A3BD-2873C8278423}"
EndProject
Project("{FAE04EC0-301F-11D3-BF4B-00C04F79EFBC}") = "HomeExercise", "HomeExercise\HomeExercise.csproj", "{DF854AFE-792D-4E0D-B77D-8B38897E2A61}"
EndProject
Global
	GlobalSection(SolutionConfigurationPlatforms) = preSolution
		Debug|Any CPU = Debug|Any CPU
		Release|Any CPU = Release|Any CPU
	EndGlobalSection
	GlobalSection(ProjectConfigurationPlatforms) = postSolution
		{7C9CD524-F892-4F95-BBAD-4A49217B5B55}.Debug|Any CPU.ActiveCfg = Debug|Any CPU
		{7C9CD524-F892-4F95-BBAD-4A49217B5B55}.Debug|Any CPU.Build.0 = Debug|Any CPU
		{7C9CD524-F892-4F95-BBAD-4A49217B5B55}.Release|Any CPU.ActiveCfg = Release|Any CPU
		{7C9CD524-F892-4F95-BBAD-4A49217B5B55}.Release|Any CPU.Build.0 = Release|Any CPU
		{9520BBE4-3596-476A-A3BD-2873C8278423}.Debug|Any CPU.ActiveCfg = Debug|Any CPU
		{9520BBE4-3596-476A-A3BD-2873C8278423}.Debug|Any CPU.Build.0 = Debug|Any CPU
		{9520BBE4-3596-476A-A3BD-2873C8278423}.Release|Any CPU.ActiveCfg = Release|Any CPU
		{9520BBE4-3596-476A-A3BD-2873C8278423}.Release|Any CPU.Build.0 = Release|Any CPU
		{DF854AFE-792D-4E0D-B77D-8B38897E2A61}.Debug|Any CPU.ActiveCfg = Debug|Any CPU
		{DF854AFE-792D-4E0D-B77D-8B38897E2A61}.Debug|Any CPU.Build.0 = Debug|Any CPU
		{DF854AFE-792D-4E0D-B77D-8B38897E2A61}.Release|Any CPU.ActiveCfg = Release|Any CPU
		{DF854AFE-792D-4E0D-B77D-8B38897E2A61}.Release|Any CPU.Build.0 = Release|Any CPU
	EndGlobalSection
	GlobalSection(SolutionProperties) = preSolution
		HideSolutionNode = FALSE
	EndGlobalSection
	GlobalSection(ExtensibilityGlobals) = postSolution
		SolutionGuid = {4EDDDFE7-4A9F-4868-B758-1BF1C7610D49}
	EndGlobalSection
EndGlobal
