
Microsoft Visual Studio Solution File, Format Version 12.00
# Visual Studio Version 16
VisualStudioVersion = 16.0.33927.289
MinimumVisualStudioVersion = 10.0.40219.1
Project("{FAE04EC0-301F-11D3-BF4B-00C04F79EFBC}") = "Sample_Ex1", "Sample_Ex1\Sample_Ex1.csproj", "{C4145F3A-BBB8-491C-A614-70C10F74D7F4}"
EndProject
Project("{FAE04EC0-301F-11D3-BF4B-00C04F79EFBC}") = "Sample_Ex2-3", "Sample_Ex2-3\Sample_Ex2-3.csproj", "{102E1644-9F54-413C-BA95-76D9B0EED05D}"
EndProject
Project("{2150E333-8FDC-42A3-9474-1A3956D46DE8}") = "SampleExercise", "SampleExercise", "{DD66D41A-7F1E-4055-9BCE-5EA71CD59468}"
EndProject
Project("{2150E333-8FDC-42A3-9474-1A3956D46DE8}") = "ClassExercise", "ClassExercise", "{317F8D71-4F83-405C-9976-50CF8991AD3B}"
EndProject
Project("{FAE04EC0-301F-11D3-BF4B-00C04F79EFBC}") = "Class_Ex1", "Class_Ex1\Class_Ex1.csproj", "{40BD7C7C-36C6-449A-98F7-04CEB8C7C332}"
EndProject
Project("{FAE04EC0-301F-11D3-BF4B-00C04F79EFBC}") = "Advanced", "Advanced\Advanced.csproj", "{14BF92CA-D626-4D30-85FE-49855FC6A01B}"
EndProject
Project("{FAE04EC0-301F-11D3-BF4B-00C04F79EFBC}") = "Class_Ex2", "Class_Ex2\Class_Ex2.csproj", "{1E26959E-F94C-4048-91D1-220661E5427A}"
EndProject
Project("{FAE04EC0-301F-11D3-BF4B-00C04F79EFBC}") = "Home", "Home\Home.csproj", "{FE5D5AE0-E84E-475A-9B12-45499CED506E}"
EndProject
Global
	GlobalSection(SolutionConfigurationPlatforms) = preSolution
		Debug|Any CPU = Debug|Any CPU
		Release|Any CPU = Release|Any CPU
	EndGlobalSection
	GlobalSection(ProjectConfigurationPlatforms) = postSolution
		{C4145F3A-BBB8-491C-A614-70C10F74D7F4}.Debug|Any CPU.ActiveCfg = Debug|Any CPU
		{C4145F3A-BBB8-491C-A614-70C10F74D7F4}.Debug|Any CPU.Build.0 = Debug|Any CPU
		{C4145F3A-BBB8-491C-A614-70C10F74D7F4}.Release|Any CPU.ActiveCfg = Release|Any CPU
		{C4145F3A-BBB8-491C-A614-70C10F74D7F4}.Release|Any CPU.Build.0 = Release|Any CPU
		{102E1644-9F54-413C-BA95-76D9B0EED05D}.Debug|Any CPU.ActiveCfg = Debug|Any CPU
		{102E1644-9F54-413C-BA95-76D9B0EED05D}.Debug|Any CPU.Build.0 = Debug|Any CPU
		{102E1644-9F54-413C-BA95-76D9B0EED05D}.Release|Any CPU.ActiveCfg = Release|Any CPU
		{102E1644-9F54-413C-BA95-76D9B0EED05D}.Release|Any CPU.Build.0 = Release|Any CPU
		{40BD7C7C-36C6-449A-98F7-04CEB8C7C332}.Debug|Any CPU.ActiveCfg = Debug|Any CPU
		{40BD7C7C-36C6-449A-98F7-04CEB8C7C332}.Debug|Any CPU.Build.0 = Debug|Any CPU
		{40BD7C7C-36C6-449A-98F7-04CEB8C7C332}.Release|Any CPU.ActiveCfg = Release|Any CPU
		{40BD7C7C-36C6-449A-98F7-04CEB8C7C332}.Release|Any CPU.Build.0 = Release|Any CPU
		{14BF92CA-D626-4D30-85FE-49855FC6A01B}.Debug|Any CPU.ActiveCfg = Debug|Any CPU
		{14BF92CA-D626-4D30-85FE-49855FC6A01B}.Debug|Any CPU.Build.0 = Debug|Any CPU
		{14BF92CA-D626-4D30-85FE-49855FC6A01B}.Release|Any CPU.ActiveCfg = Release|Any CPU
		{14BF92CA-D626-4D30-85FE-49855FC6A01B}.Release|Any CPU.Build.0 = Release|Any CPU
		{1E26959E-F94C-4048-91D1-220661E5427A}.Debug|Any CPU.ActiveCfg = Debug|Any CPU
		{1E26959E-F94C-4048-91D1-220661E5427A}.Debug|Any CPU.Build.0 = Debug|Any CPU
		{1E26959E-F94C-4048-91D1-220661E5427A}.Release|Any CPU.ActiveCfg = Release|Any CPU
		{1E26959E-F94C-4048-91D1-220661E5427A}.Release|Any CPU.Build.0 = Release|Any CPU
		{FE5D5AE0-E84E-475A-9B12-45499CED506E}.Debug|Any CPU.ActiveCfg = Debug|Any CPU
		{FE5D5AE0-E84E-475A-9B12-45499CED506E}.Debug|Any CPU.Build.0 = Debug|Any CPU
		{FE5D5AE0-E84E-475A-9B12-45499CED506E}.Release|Any CPU.ActiveCfg = Release|Any CPU
		{FE5D5AE0-E84E-475A-9B12-45499CED506E}.Release|Any CPU.Build.0 = Release|Any CPU
	EndGlobalSection
	GlobalSection(SolutionProperties) = preSolution
		HideSolutionNode = FALSE
	EndGlobalSection
	GlobalSection(NestedProjects) = preSolution
		{C4145F3A-BBB8-491C-A614-70C10F74D7F4} = {DD66D41A-7F1E-4055-9BCE-5EA71CD59468}
		{102E1644-9F54-413C-BA95-76D9B0EED05D} = {DD66D41A-7F1E-4055-9BCE-5EA71CD59468}
		{40BD7C7C-36C6-449A-98F7-04CEB8C7C332} = {317F8D71-4F83-405C-9976-50CF8991AD3B}
		{14BF92CA-D626-4D30-85FE-49855FC6A01B} = {317F8D71-4F83-405C-9976-50CF8991AD3B}
	EndGlobalSection
	GlobalSection(ExtensibilityGlobals) = postSolution
		SolutionGuid = {C6A586CE-1F6A-46CC-A286-1DBEA15B7A97}
	EndGlobalSection
EndGlobal
