
Microsoft Visual Studio Solution File, Format Version 12.00
# Visual Studio Version 16
VisualStudioVersion = 16.0.33927.289
MinimumVisualStudioVersion = 10.0.40219.1
Project("{2150E333-8FDC-42A3-9474-1A3956D46DE8}") = "Test 1", "Test 1", "{862EFDE6-32A9-4730-B0FC-39AD5851DF38}"
EndProject
Project("{FAE04EC0-301F-11D3-BF4B-00C04F79EFBC}") = "Revise_Test1_Ex1", "Revise_Test1_Ex1\Revise_Test1_Ex1.csproj", "{855D7700-3BC8-4D10-8D9C-3C748555BF5A}"
EndProject
Project("{FAE04EC0-301F-11D3-BF4B-00C04F79EFBC}") = "Revise_Test1_Ex2", "Revise_Test1_Ex2\Revise_Test1_Ex2.csproj", "{FF6C61C8-C75F-4E8F-82F6-0E7438B6F949}"
EndProject
Project("{FAE04EC0-301F-11D3-BF4B-00C04F79EFBC}") = "Revise_Test1_Ex3", "Revise_Test1_Ex3\Revise_Test1_Ex3.csproj", "{186A0486-27C7-4A0D-AA34-4A4A41B8EF22}"
EndProject
Project("{2150E333-8FDC-42A3-9474-1A3956D46DE8}") = "Test 2", "Test 2", "{6646F36E-0E53-46B8-B732-3FED65944C2B}"
EndProject
Project("{FAE04EC0-301F-11D3-BF4B-00C04F79EFBC}") = "Revise_Test2", "Revise_Test2\Revise_Test2.csproj", "{00C0DDBD-A419-4BA6-87E2-5B40F6EA45A1}"
EndProject
Project("{2150E333-8FDC-42A3-9474-1A3956D46DE8}") = "Test 3", "Test 3", "{06B78296-C9B7-46BE-ADD9-E76728A9FBEC}"
EndProject
Project("{FAE04EC0-301F-11D3-BF4B-00C04F79EFBC}") = "Revise_Test3_Ex3", "Revise_Test3_Ex3\Revise_Test3_Ex3.csproj", "{CFCBCFD4-1E14-44DB-82CF-8C9BB4D9567F}"
EndProject
Project("{FAE04EC0-301F-11D3-BF4B-00C04F79EFBC}") = "Revise_Test3_Ex1", "Revise_Test3_Ex1\Revise_Test3_Ex1.csproj", "{8B1ECC7A-3D64-4108-93B0-DA8F96160394}"
EndProject
Project("{FAE04EC0-301F-11D3-BF4B-00C04F79EFBC}") = "Revise_Test3_Ex2", "Revise_Test3_Ex2\Revise_Test3_Ex2.csproj", "{70ECEAF0-70CB-4F98-8414-13AF81BC48B9}"
EndProject
Global
	GlobalSection(SolutionConfigurationPlatforms) = preSolution
		Debug|Any CPU = Debug|Any CPU
		Release|Any CPU = Release|Any CPU
	EndGlobalSection
	GlobalSection(ProjectConfigurationPlatforms) = postSolution
		{855D7700-3BC8-4D10-8D9C-3C748555BF5A}.Debug|Any CPU.ActiveCfg = Debug|Any CPU
		{855D7700-3BC8-4D10-8D9C-3C748555BF5A}.Debug|Any CPU.Build.0 = Debug|Any CPU
		{855D7700-3BC8-4D10-8D9C-3C748555BF5A}.Release|Any CPU.ActiveCfg = Release|Any CPU
		{855D7700-3BC8-4D10-8D9C-3C748555BF5A}.Release|Any CPU.Build.0 = Release|Any CPU
		{FF6C61C8-C75F-4E8F-82F6-0E7438B6F949}.Debug|Any CPU.ActiveCfg = Debug|Any CPU
		{FF6C61C8-C75F-4E8F-82F6-0E7438B6F949}.Debug|Any CPU.Build.0 = Debug|Any CPU
		{FF6C61C8-C75F-4E8F-82F6-0E7438B6F949}.Release|Any CPU.ActiveCfg = Release|Any CPU
		{FF6C61C8-C75F-4E8F-82F6-0E7438B6F949}.Release|Any CPU.Build.0 = Release|Any CPU
		{186A0486-27C7-4A0D-AA34-4A4A41B8EF22}.Debug|Any CPU.ActiveCfg = Debug|Any CPU
		{186A0486-27C7-4A0D-AA34-4A4A41B8EF22}.Debug|Any CPU.Build.0 = Debug|Any CPU
		{186A0486-27C7-4A0D-AA34-4A4A41B8EF22}.Release|Any CPU.ActiveCfg = Release|Any CPU
		{186A0486-27C7-4A0D-AA34-4A4A41B8EF22}.Release|Any CPU.Build.0 = Release|Any CPU
		{00C0DDBD-A419-4BA6-87E2-5B40F6EA45A1}.Debug|Any CPU.ActiveCfg = Debug|Any CPU
		{00C0DDBD-A419-4BA6-87E2-5B40F6EA45A1}.Debug|Any CPU.Build.0 = Debug|Any CPU
		{00C0DDBD-A419-4BA6-87E2-5B40F6EA45A1}.Release|Any CPU.ActiveCfg = Release|Any CPU
		{00C0DDBD-A419-4BA6-87E2-5B40F6EA45A1}.Release|Any CPU.Build.0 = Release|Any CPU
		{CFCBCFD4-1E14-44DB-82CF-8C9BB4D9567F}.Debug|Any CPU.ActiveCfg = Debug|Any CPU
		{CFCBCFD4-1E14-44DB-82CF-8C9BB4D9567F}.Debug|Any CPU.Build.0 = Debug|Any CPU
		{CFCBCFD4-1E14-44DB-82CF-8C9BB4D9567F}.Release|Any CPU.ActiveCfg = Release|Any CPU
		{CFCBCFD4-1E14-44DB-82CF-8C9BB4D9567F}.Release|Any CPU.Build.0 = Release|Any CPU
		{8B1ECC7A-3D64-4108-93B0-DA8F96160394}.Debug|Any CPU.ActiveCfg = Debug|Any CPU
		{8B1ECC7A-3D64-4108-93B0-DA8F96160394}.Debug|Any CPU.Build.0 = Debug|Any CPU
		{8B1ECC7A-3D64-4108-93B0-DA8F96160394}.Release|Any CPU.ActiveCfg = Release|Any CPU
		{8B1ECC7A-3D64-4108-93B0-DA8F96160394}.Release|Any CPU.Build.0 = Release|Any CPU
		{70ECEAF0-70CB-4F98-8414-13AF81BC48B9}.Debug|Any CPU.ActiveCfg = Debug|Any CPU
		{70ECEAF0-70CB-4F98-8414-13AF81BC48B9}.Debug|Any CPU.Build.0 = Debug|Any CPU
		{70ECEAF0-70CB-4F98-8414-13AF81BC48B9}.Release|Any CPU.ActiveCfg = Release|Any CPU
		{70ECEAF0-70CB-4F98-8414-13AF81BC48B9}.Release|Any CPU.Build.0 = Release|Any CPU
	EndGlobalSection
	GlobalSection(SolutionProperties) = preSolution
		HideSolutionNode = FALSE
	EndGlobalSection
	GlobalSection(NestedProjects) = preSolution
		{855D7700-3BC8-4D10-8D9C-3C748555BF5A} = {862EFDE6-32A9-4730-B0FC-39AD5851DF38}
		{FF6C61C8-C75F-4E8F-82F6-0E7438B6F949} = {862EFDE6-32A9-4730-B0FC-39AD5851DF38}
		{186A0486-27C7-4A0D-AA34-4A4A41B8EF22} = {862EFDE6-32A9-4730-B0FC-39AD5851DF38}
		{00C0DDBD-A419-4BA6-87E2-5B40F6EA45A1} = {6646F36E-0E53-46B8-B732-3FED65944C2B}
		{CFCBCFD4-1E14-44DB-82CF-8C9BB4D9567F} = {06B78296-C9B7-46BE-ADD9-E76728A9FBEC}
		{8B1ECC7A-3D64-4108-93B0-DA8F96160394} = {06B78296-C9B7-46BE-ADD9-E76728A9FBEC}
		{70ECEAF0-70CB-4F98-8414-13AF81BC48B9} = {06B78296-C9B7-46BE-ADD9-E76728A9FBEC}
	EndGlobalSection
	GlobalSection(ExtensibilityGlobals) = postSolution
		SolutionGuid = {807A2A11-8A21-4797-A464-B7ACC0AE9659}
	EndGlobalSection
EndGlobal
