
Microsoft Visual Studio Solution File, Format Version 12.00
# Visual Studio Version 16
VisualStudioVersion = 16.0.33927.289
MinimumVisualStudioVersion = 10.0.40219.1
Project("{FAE04EC0-301F-11D3-BF4B-00C04F79EFBC}") = "Exercise3", "Exercise3\Exercise3.csproj", "{C18202D1-29E3-471F-91A8-4473FA9C5DED}"
EndProject
Project("{FAE04EC0-301F-11D3-BF4B-00C04F79EFBC}") = "Exercise3_1", "Exercise3_1\Exercise3_1.csproj", "{D3218607-90BE-487B-87E5-2D0D53FE7BB7}"
EndProject
Global
	GlobalSection(SolutionConfigurationPlatforms) = preSolution
		Debug|Any CPU = Debug|Any CPU
		Release|Any CPU = Release|Any CPU
	EndGlobalSection
	GlobalSection(ProjectConfigurationPlatforms) = postSolution
		{C18202D1-29E3-471F-91A8-4473FA9C5DED}.Debug|Any CPU.ActiveCfg = Debug|Any CPU
		{C18202D1-29E3-471F-91A8-4473FA9C5DED}.Debug|Any CPU.Build.0 = Debug|Any CPU
		{C18202D1-29E3-471F-91A8-4473FA9C5DED}.Release|Any CPU.ActiveCfg = Release|Any CPU
		{C18202D1-29E3-471F-91A8-4473FA9C5DED}.Release|Any CPU.Build.0 = Release|Any CPU
		{D3218607-90BE-487B-87E5-2D0D53FE7BB7}.Debug|Any CPU.ActiveCfg = Debug|Any CPU
		{D3218607-90BE-487B-87E5-2D0D53FE7BB7}.Debug|Any CPU.Build.0 = Debug|Any CPU
		{D3218607-90BE-487B-87E5-2D0D53FE7BB7}.Release|Any CPU.ActiveCfg = Release|Any CPU
		{D3218607-90BE-487B-87E5-2D0D53FE7BB7}.Release|Any CPU.Build.0 = Release|Any CPU
	EndGlobalSection
	GlobalSection(SolutionProperties) = preSolution
		HideSolutionNode = FALSE
	EndGlobalSection
	GlobalSection(ExtensibilityGlobals) = postSolution
		SolutionGuid = {E32A008C-7873-4825-9C9E-081E3952B019}
	EndGlobalSection
EndGlobal
